
Microsoft Visual Studio Solution File, Format Version 12.00
# Visual Studio 15
VisualStudioVersion = 15.0.27428.2002
MinimumVisualStudioVersion = 10.0.40219.1
Project("{FAE04EC0-301F-11D3-BF4B-00C04F79EFBC}") = "Kinder-bijslag", "Kinder-bijslag\Kinder-bijslag.csproj", "{0EC0BA49-D23A-418F-96BD-D85B4DF919AD}"
EndProject
Global
	GlobalSection(SolutionConfigurationPlatforms) = preSolution
		Debug|Any CPU = Debug|Any CPU
		Release|Any CPU = Release|Any CPU
	EndGlobalSection
	GlobalSection(ProjectConfigurationPlatforms) = postSolution
		{0EC0BA49-D23A-418F-96BD-D85B4DF919AD}.Debug|Any CPU.ActiveCfg = Debug|Any CPU
		{0EC0BA49-D23A-418F-96BD-D85B4DF919AD}.Debug|Any CPU.Build.0 = Debug|Any CPU
		{0EC0BA49-D23A-418F-96BD-D85B4DF919AD}.Release|Any CPU.ActiveCfg = Release|Any CPU
		{0EC0BA49-D23A-418F-96BD-D85B4DF919AD}.Release|Any CPU.Build.0 = Release|Any CPU
	EndGlobalSection
	GlobalSection(SolutionProperties) = preSolution
		HideSolutionNode = FALSE
	EndGlobalSection
	GlobalSection(ExtensibilityGlobals) = postSolution
		SolutionGuid = {53A9AA9B-C61E-42C1-9FB3-690F5C962703}
	EndGlobalSection
EndGlobal
